Microsoft Visual Studio Solution File, Format Version 12.00
# Visual Studio Version 17
VisualStudioVersion = 17.0.31903.59
MinimumVisualStudioVersion = 10.0.40219.1
Project("{FAE04EC0-301F-11D3-BF4B-00C04F79EFBC}") = "Jellyfin.Plugin.PhantomLibrary", "src\Jellyfin.Plugin.PhantomLibrary\Jellyfin.Plugin.PhantomLibrary.csproj", "{2B1A6E4D-9D7E-4A0B-9C0E-1B6D8C2A0A11}"
EndProject
Project("{FAE04EC0-301F-11D3-BF4B-00C04F79EFBC}") = "Jellyfin.Plugin.PhantomLibrary.Tests", "tests\Jellyfin.Plugin.PhantomLibrary.Tests\Jellyfin.Plugin.PhantomLibrary.Tests.csproj", "{3C2B7F5E-AE8F-4B1C-AD1F-2C7E9D3B1B22}"
EndProject
Global
	GlobalSection(SolutionConfigurationPlatforms) = preSolution
		Debug|Any CPU = Debug|Any CPU
		Release|Any CPU = Release|Any CPU
	EndGlobalSection
	GlobalSection(ProjectConfigurationPlatforms) = postSolution
		{2B1A6E4D-9D7E-4A0B-9C0E-1B6D8C2A0A11}.Debug|Any CPU.ActiveCfg = Debug|Any CPU
		{2B1A6E4D-9D7E-4A0B-9C0E-1B6D8C2A0A11}.Debug|Any CPU.Build.0 = Debug|Any CPU
		{2B1A6E4D-9D7E-4A0B-9C0E-1B6D8C2A0A11}.Release|Any CPU.ActiveCfg = Release|Any CPU
		{2B1A6E4D-9D7E-4A0B-9C0E-1B6D8C2A0A11}.Release|Any CPU.Build.0 = Release|Any CPU
		{3C2B7F5E-AE8F-4B1C-AD1F-2C7E9D3B1B22}.Debug|Any CPU.ActiveCfg = Debug|Any CPU
		{3C2B7F5E-AE8F-4B1C-AD1F-2C7E9D3B1B22}.Debug|Any CPU.Build.0 = Debug|Any CPU
		{3C2B7F5E-AE8F-4B1C-AD1F-2C7E9D3B1B22}.Release|Any CPU.ActiveCfg = Release|Any CPU
		{3C2B7F5E-AE8F-4B1C-AD1F-2C7E9D3B1B22}.Release|Any CPU.Build.0 = Release|Any CPU
	EndGlobalSection
EndGlobal
